// !$*UTF8*$!
{
	archiveVersion = 1;
	classes = {
	};
	objectVersion = 46;
	objects = {

/* Begin PBXBuildFile section */
		EA9DFD891AE5244200D4C9C3 /* AppDelegate.swift in Sources */ = {isa = PBXBuildFile; fileRef = EA9DFD881AE5244200D4C9C3 /* AppDelegate.swift */; };
		EA9DFD8B1AE5244200D4C9C3 /* ViewController.swift in Sources */ = {isa = PBXBuildFile; fileRef = EA9DFD8A1AE5244200D4C9C3 /* ViewController.swift */; };
		EA9DFD8E1AE5244200D4C9C3 /* Main.storyboard in Resources */ = {isa = PBXBuildFile; fileRef = EA9DFD8C1AE5244200D4C9C3 /* Main.storyboard */; };
		EA9DFD901AE5244200D4C9C3 /* Images.xcassets in Resources */ = {isa = PBXBuildFile; fileRef = EA9DFD8F1AE5244200D4C9C3 /* Images.xcassets */; };
		EA9DFD931AE5244200D4C9C3 /* LaunchScreen.xib in Resources */ = {isa = PBXBuildFile; fileRef = EA9DFD911AE5244200D4C9C3 /* LaunchScreen.xib */; };
		EA9DFD9F1AE5244200D4C9C3 /* BowlingKataTests.swift in Sources */ = {isa = PBXBuildFile; fileRef = EA9DFD9E1AE5244200D4C9C3 /* BowlingKataTests.swift */; };
		EA9DFDA91AE524D100D4C9C3 /* BowlingGame.swift in Sources */ = {isa = PBXBuildFile; fileRef = EA9DFDA81AE524D100D4C9C3 /* BowlingGame.swift */; };
		EA9DFDAA1AE524D600D4C9C3 /* BowlingGame.swift in Sources */ = {isa = PBXBuildFile; fileRef = EA9DFDA81AE524D100D4C9C3 /* BowlingGame.swift */; };
/* End PBXBuildFile section */

/* Begin PBXContainerItemProxy section */
		EA9DFD991AE5244200D4C9C3 /* PBXContainerItemProxy */ = {
			isa = PBXContainerItemProxy;
			containerPortal = EA9DFD7B1AE5244100D4C9C3 /* Project object */;
			proxyType = 1;
			remoteGlobalIDString = EA9DFD821AE5244100D4C9C3;
			remoteInfo = BowlingKata;
		};
/* End PBXContainerItemProxy section */

/* Begin PBXFileReference section */
		EA9DFD831AE5244100D4C9C3 /* BowlingKata.app */ = {isa = PBXFileReference; explicitFileType = wrapper.application; includeInIndex = 0; path = BowlingKata.app; sourceTree = BUILT_PRODUCTS_DIR; };
		EA9DFD871AE5244200D4C9C3 /* Info.plist */ = {isa = PBXFileReference; lastKnownFileType = text.plist.xml; path = Info.plist; sourceTree = "<group>"; };
		EA9DFD881AE5244200D4C9C3 /* AppDelegate.swift */ = {isa = PBXFileReference; lastKnownFileType = sourcecode.swift; path = AppDelegate.swift; sourceTree = "<group>"; };
		EA9DFD8A1AE5244200D4C9C3 /* ViewController.swift */ = {isa = PBXFileReference; lastKnownFileType = sourcecode.swift; path = ViewController.swift; sourceTree = "<group>"; };
		EA9DFD8D1AE5244200D4C9C3 /* Base */ = {isa = PBXFileReference; lastKnownFileType = file.storyboard; name = Base; path = Base.lproj/Main.storyboard; sourceTree = "<group>"; };
		EA9DFD8F1AE5244200D4C9C3 /* Images.xcassets */ = {isa = PBXFileReference; lastKnownFileType = folder.assetcatalog; path = Images.xcassets; sourceTree = "<group>"; };
		EA9DFD921AE5244200D4C9C3 /* Base */ = {isa = PBXFileReference; lastKnownFileType = file.xib; name = Base; path = Base.lproj/LaunchScreen.xib; sourceTree = "<group>"; };
		EA9DFD981AE5244200D4C9C3 /* BowlingKataTests.xctest */ = {isa = PBXFileReference; explicitFileType = wrapper.cfbundle; includeInIndex = 0; path = BowlingKataTests.xctest; sourceTree = BUILT_PRODUCTS_DIR; };
		EA9DFD9D1AE5244200D4C9C3 /* Info.plist */ = {isa = PBXFileReference; lastKnownFileType = text.plist.xml; path = Info.plist; sourceTree = "<group>"; };
		EA9DFD9E1AE5244200D4C9C3 /* BowlingKataTests.swift */ = {isa = PBXFileReference; lastKnownFileType = sourcecode.swift; path = BowlingKataTests.swift; sourceTree = "<group>"; };
		EA9DFDA81AE524D100D4C9C3 /* BowlingGame.swift */ = {isa = PBXFileReference; fileEncoding = 4; lastKnownFileType = sourcecode.swift; path = BowlingGame.swift; sourceTree = "<group>"; };
/* End PBXFileReference section */

/* Begin PBXFrameworksBuildPhase section */
		EA9DFD801AE5244100D4C9C3 /* Frameworks */ = {
			isa = PBXFrameworksBuildPhase;
			buildActionMask = 2147483647;
			files = (
			);
			runOnlyForDeploymentPostprocessing = 0;
		};
		EA9DFD951AE5244200D4C9C3 /* Frameworks */ = {
			isa = PBXFrameworksBuildPhase;
			buildActionMask = 2147483647;
			files = (
			);
			runOnlyForDeploymentPostprocessing = 0;
		};
/* End PBXFrameworksBuildPhase section */

/* Begin PBXGroup section */
		EA9DFD7A1AE5244100D4C9C3 = {
			isa = PBXGroup;
			children = (
				EA9DFD851AE5244100D4C9C3 /* BowlingKata */,
				EA9DFD9B1AE5244200D4C9C3 /* BowlingKataTests */,
				EA9DFD841AE5244100D4C9C3 /* Products */,
			);
			sourceTree = "<group>";
		};
		EA9DFD841AE5244100D4C9C3 /* Products */ = {
			isa = PBXGroup;
			children = (
				EA9DFD831AE5244100D4C9C3 /* BowlingKata.app */,
				EA9DFD981AE5244200D4C9C3 /* BowlingKataTests.xctest */,
			);
			name = Products;
			sourceTree = "<group>";
		};
		EA9DFD851AE5244100D4C9C3 /* BowlingKata */ = {
			isa = PBXGroup;
			children = (
				EA9DFDA81AE524D100D4C9C3 /* BowlingGame.swift */,
				EA9DFD861AE5244200D4C9C3 /* Supporting Files */,
			);
			path = BowlingKata;
			sourceTree = "<group>";
		};
		EA9DFD861AE5244200D4C9C3 /* Supporting Files */ = {
			isa = PBXGroup;
			children = (
				EA9DFD881AE5244200D4C9C3 /* AppDelegate.swift */,
				EA9DFD8A1AE5244200D4C9C3 /* ViewController.swift */,
				EA9DFD8C1AE5244200D4C9C3 /* Main.storyboard */,
				EA9DFD8F1AE5244200D4C9C3 /* Images.xcassets */,
				EA9DFD911AE5244200D4C9C3 /* LaunchScreen.xib */,
				EA9DFD871AE5244200D4C9C3 /* Info.plist */,
			);
			name = "Supporting Files";
			sourceTree = "<group>";
		};
		EA9DFD9B1AE5244200D4C9C3 /* BowlingKataTests */ = {
			isa = PBXGroup;
			children = (
				EA9DFD9E1AE5244200D4C9C3 /* BowlingKataTests.swift */,
				EA9DFD9C1AE5244200D4C9C3 /* Supporting Files */,
			);
			path = BowlingKataTests;
			sourceTree = "<group>";
		};
		EA9DFD9C1AE5244200D4C9C3 /* Supporting Files */ = {
			isa = PBXGroup;
			children = (
				EA9DFD9D1AE5244200D4C9C3 /* Info.plist */,
			);
			name = "Supporting Files";
			sourceTree = "<group>";
		};
/* End PBXGroup section */

/* Begin PBXNativeTarget section */
		EA9DFD821AE5244100D4C9C3 /* BowlingKata */ = {
			isa = PBXNativeTarget;
			buildConfigurationList = EA9DFDA21AE5244200D4C9C3 /* Build configuration list for PBXNativeTarget "BowlingKata" */;
			buildPhases = (
				EA9DFD7F1AE5244100D4C9C3 /* Sources */,
				EA9DFD801AE5244100D4C9C3 /* Frameworks */,
				EA9DFD811AE5244100D4C9C3 /* Resources */,
			);
			buildRules = (
			);
			dependencies = (
			);
			name = BowlingKata;
			productName = BowlingKata;
			productReference = EA9DFD831AE5244100D4C9C3 /* BowlingKata.app */;
			productType = "com.apple.product-type.application";
		};
		EA9DFD971AE5244200D4C9C3 /* BowlingKataTests */ = {
			isa = PBXNativeTarget;
			buildConfigurationList = EA9DFDA51AE5244200D4C9C3 /* Build configuration list for PBXNativeTarget "BowlingKataTests" */;
			buildPhases = (
				EA9DFD941AE5244200D4C9C3 /* Sources */,
				EA9DFD951AE5244200D4C9C3 /* Frameworks */,
				EA9DFD961AE5244200D4C9C3 /* Resources */,
			);
			buildRules = (
			);
			dependencies = (
				EA9DFD9A1AE5244200D4C9C3 /* PBXTargetDependency */,
			);
			name = BowlingKataTests;
			productName = BowlingKataTests;
			productReference = EA9DFD981AE5244200D4C9C3 /* BowlingKataTests.xctest */;
			productType = "com.apple.product-type.bundle.unit-test";
		};
/* End PBXNativeTarget section */

/* Begin PBXProject section */
		EA9DFD7B1AE5244100D4C9C3 /* Project object */ = {
			isa = PBXProject;
			attributes = {
				LastUpgradeCheck = 0630;
				ORGANIZATIONNAME = Martinho;
				TargetAttributes = {
					EA9DFD821AE5244100D4C9C3 = {
						CreatedOnToolsVersion = 6.3;
					};
					EA9DFD971AE5244200D4C9C3 = {
						CreatedOnToolsVersion = 6.3;
						TestTargetID = EA9DFD821AE5244100D4C9C3;
					};
				};
			};
			buildConfigurationList = EA9DFD7E1AE5244100D4C9C3 /* Build configuration list for PBXProject "BowlingKata" */;
			compatibilityVersion = "Xcode 3.2";
			developmentRegion = English;
			hasScannedForEncodings = 0;
			knownRegions = (
				en,
				Base,
			);
			mainGroup = EA9DFD7A1AE5244100D4C9C3;
			productRefGroup = EA9DFD841AE5244100D4C9C3 /* Products */;
			projectDirPath = "";
			projectRoot = "";
			targets = (
				EA9DFD821AE5244100D4C9C3 /* BowlingKata */,
				EA9DFD971AE5244200D4C9C3 /* BowlingKataTests */,
			);
		};
/* End PBXProject section */

/* Begin PBXResourcesBuildPhase section */
		EA9DFD811AE5244100D4C9C3 /* Resources */ = {
			isa = PBXResourcesBuildPhase;
			buildActionMask = 2147483647;
			files = (
				EA9DFD8E1AE5244200D4C9C3 /* Main.storyboard in Resources */,
				EA9DFD931AE5244200D4C9C3 /* LaunchScreen.xib in Resources */,
				EA9DFD901AE5244200D4C9C3 /* Images.xcassets in Resources */,
			);
			runOnlyForDeploymentPostprocessing = 0;
		};
		EA9DFD961AE5244200D4C9C3 /* Resources */ = {
			isa = PBXResourcesBuildPhase;
			buildActionMask = 2147483647;
			files = (
			);
			runOnlyForDeploymentPostprocessing = 0;
		};
/* End PBXResourcesBuildPhase section */

/* Begin PBXSourcesBuildPhase section */
		EA9DFD7F1AE5244100D4C9C3 /* Sources */ = {
			isa = PBXSourcesBuildPhase;
			buildActionMask = 2147483647;
			files = (
				EA9DFD8B1AE5244200D4C9C3 /* ViewController.swift in Sources */,
				EA9DFD891AE5244200D4C9C3 /* AppDelegate.swift in Sources */,
				EA9DFDA91AE524D100D4C9C3 /* BowlingGame.swift in Sources */,
			);
			runOnlyForDeploymentPostprocessing = 0;
		};
		EA9DFD941AE5244200D4C9C3 /* Sources */ = {
			isa = PBXSourcesBuildPhase;
			buildActionMask = 2147483647;
			files = (
				EA9DFDAA1AE524D600D4C9C3 /* BowlingGame.swift in Sources */,
				EA9DFD9F1AE5244200D4C9C3 /* BowlingKataTests.swift in Sources */,
			);
			runOnlyForDeploymentPostprocessing = 0;
		};
/* End PBXSourcesBuildPhase section */

/* Begin PBXTargetDependency section */
		EA9DFD9A1AE5244200D4C9C3 /* PBXTargetDependency */ = {
			isa = PBXTargetDependency;
			target = EA9DFD821AE5244100D4C9C3 /* BowlingKata */;
			targetProxy = EA9DFD991AE5244200D4C9C3 /* PBXContainerItemProxy */;
		};
/* End PBXTargetDependency section */

/* Begin PBXVariantGroup section */
		EA9DFD8C1AE5244200D4C9C3 /* Main.storyboard */ = {
			isa = PBXVariantGroup;
			children = (
				EA9DFD8D1AE5244200D4C9C3 /* Base */,
			);
			name = Main.storyboard;
			sourceTree = "<group>";
		};
		EA9DFD911AE5244200D4C9C3 /* LaunchScreen.xib */ = {
			isa = PBXVariantGroup;
			children = (
				EA9DFD921AE5244200D4C9C3 /* Base */,
			);
			name = LaunchScreen.xib;
			sourceTree = "<group>";
		};
/* End PBXVariantGroup section */

/* Begin XCBuildConfiguration section */
		EA9DFDA01AE5244200D4C9C3 /* Debug */ = {
			isa = XCBuildConfiguration;
			buildSettings = {
				ALWAYS_SEARCH_USER_PATHS = NO;
				CLANG_CXX_LANGUAGE_STANDARD = "gnu++0x";
				CLANG_CXX_LIBRARY = "libc++";
				CLANG_ENABLE_MODULES = YES;
				CLANG_ENABLE_OBJC_ARC = YES;
				CLANG_WARN_BOOL_CONVERSION = YES;
				CLANG_WARN_CONSTANT_CONVERSION = YES;
				CLANG_WARN_DIRECT_OBJC_ISA_USAGE = YES_ERROR;
				CLANG_WARN_EMPTY_BODY = YES;
				CLANG_WARN_ENUM_CONVERSION = YES;
				CLANG_WARN_INT_CONVERSION = YES;
				CLANG_WARN_OBJC_ROOT_CLASS = YES_ERROR;
				CLANG_WARN_UNREACHABLE_CODE = YES;
				CLANG_WARN__DUPLICATE_METHOD_MATCH = YES;
				"CODE_SIGN_IDENTITY[sdk=iphoneos*]" = "iPhone Developer";
				COPY_PHASE_STRIP = NO;
				DEBUG_INFORMATION_FORMAT = "dwarf-with-dsym";
				ENABLE_STRICT_OBJC_MSGSEND = YES;
				GCC_C_LANGUAGE_STANDARD = gnu99;
				GCC_DYNAMIC_NO_PIC = NO;
				GCC_NO_COMMON_BLOCKS = YES;
				GCC_OPTIMIZATION_LEVEL = 0;
				GCC_PREPROCESSOR_DEFINITIONS = (
					"DEBUG=1",
					"$(inherited)",
				);
				GCC_SYMBOLS_PRIVATE_EXTERN = NO;
				GCC_WARN_64_TO_32_BIT_CONVERSION = YES;
				GCC_WARN_ABOUT_RETURN_TYPE = YES_ERROR;
				GCC_WARN_UNDECLARED_SELECTOR = YES;
				GCC_WARN_UNINITIALIZED_AUTOS = YES_AGGRESSIVE;
				GCC_WARN_UNUSED_FUNCTION = YES;
				GCC_WARN_UNUSED_VARIABLE = YES;
				IPHONEOS_DEPLOYMENT_TARGET = 8.3;
				MTL_ENABLE_DEBUG_INFO = YES;
				ONLY_ACTIVE_ARCH = YES;
				SDKROOT = iphoneos;
				SWIFT_OPTIMIZATION_LEVEL = "-Onone";
				TARGETED_DEVICE_FAMILY = "1,2";
			};
			name = Debug;
		};
		EA9DFDA11AE5244200D4C9C3 /* Release */ = {
			isa = XCBuildConfiguration;
			buildSettings = {
				ALWAYS_SEARCH_USER_PATHS = NO;
				CLANG_CXX_LANGUAGE_STANDARD = "gnu++0x";
				CLANG_CXX_LIBRARY = "libc++";
				CLANG_ENABLE_MODULES = YES;
				CLANG_ENABLE_OBJC_ARC = YES;
				CLANG_WARN_BOOL_CONVERSION = YES;
				CLANG_WARN_CONSTANT_CONVERSION = YES;
				CLANG_WARN_DIRECT_OBJC_ISA_USAGE = YES_ERROR;
				CLANG_WARN_EMPTY_BODY = YES;
				CLANG_WARN_ENUM_CONVERSION = YES;
				CLANG_WARN_INT_CONVERSION = YES;
				CLANG_WARN_OBJC_ROOT_CLASS = YES_ERROR;
				CLANG_WARN_UNREACHABLE_CODE = YES;
				CLANG_WARN__DUPLICATE_METHOD_MATCH = YES;
				"CODE_SIGN_IDENTITY[sdk=iphoneos*]" = "iPhone Developer";
				COPY_PHASE_STRIP = NO;
				DEBUG_INFORMATION_FORMAT = "dwarf-with-dsym";
				ENABLE_NS_ASSERTIONS = NO;
				ENABLE_STRICT_OBJC_MSGSEND = YES;
				GCC_C_LANGUAGE_STANDARD = gnu99;
				GCC_NO_COMMON_BLOCKS = YES;
				GCC_WARN_64_TO_32_BIT_CONVERSION = YES;
				GCC_WARN_ABOUT_RETURN_TYPE = YES_ERROR;
				GCC_WARN_UNDECLARED_SELECTOR = YES;
				GCC_WARN_UNINITIALIZED_AUTOS = YES_AGGRESSIVE;
				GCC_WARN_UNUSED_FUNCTION = YES;
				GCC_WARN_UNUSED_VARIABLE = YES;
				IPHONEOS_DEPLOYMENT_TARGET = 8.3;
				MTL_ENABLE_DEBUG_INFO = NO;
				SDKROOT = iphoneos;
				TARGETED_DEVICE_FAMILY = "1,2";
				VALIDATE_PRODUCT = YES;
			};
			name = Release;
		};
		EA9DFDA31AE5244200D4C9C3 /* Debug */ = {
			isa = XCBuildConfiguration;
			buildSettings = {
				ASSETCATALOG_COMPILER_APPICON_NAME = AppIcon;
				INFOPLIST_FILE = BowlingKata/Info.plist;
				LD_RUNPATH_SEARCH_PATHS = "$(inherited) @executable_path/Frameworks";
				PRODUCT_NAME = "$(TARGET_NAME)";
			};
			name = Debug;
		};
		EA9DFDA41AE5244200D4C9C3 /* Release */ = {
			isa = XCBuildConfiguration;
			buildSettings = {
				ASSETCATALOG_COMPILER_APPICON_NAME = AppIcon;
				INFOPLIST_FILE = BowlingKata/Info.plist;
				LD_RUNPATH_SEARCH_PATHS = "$(inherited) @executable_path/Frameworks";
				PRODUCT_NAME = "$(TARGET_NAME)";
			};
			name = Release;
		};
		EA9DFDA61AE5244200D4C9C3 /* Debug */ = {
			isa = XCBuildConfiguration;
			buildSettings = {
				BUNDLE_LOADER = "$(TEST_HOST)";
				FRAMEWORK_SEARCH_PATHS = (
					"$(SDKROOT)/Developer/Library/Frameworks",
					"$(inherited)",
				);
				GCC_PREPROCESSOR_DEFINITIONS = (
					"DEBUG=1",
					"$(inherited)",
				);
				INFOPLIST_FILE = BowlingKataTests/Info.plist;
				LD_RUNPATH_SEARCH_PATHS = "$(inherited) @executable_path/Frameworks @loader_path/Frameworks";
				PRODUCT_NAME = "$(TARGET_NAME)";
				TEST_HOST = "$(BUILT_PRODUCTS_DIR)/BowlingKata.app/BowlingKata";
			};
			name = Debug;
		};
		EA9DFDA71AE5244200D4C9C3 /* Release */ = {
			isa = XCBuildConfiguration;
			buildSettings = {
				BUNDLE_LOADER = "$(TEST_HOST)";
				FRAMEWORK_SEARCH_PATHS = (
					"$(SDKROOT)/Developer/Library/Frameworks",
					"$(inherited)",
				);
				INFOPLIST_FILE = BowlingKataTests/Info.plist;
				LD_RUNPATH_SEARCH_PATHS = "$(inherited) @executable_path/Frameworks @loader_path/Frameworks";
				PRODUCT_NAME = "$(TARGET_NAME)";
				TEST_HOST = "$(BUILT_PRODUCTS_DIR)/BowlingKata.app/BowlingKata";
			};
			name = Release;
		};
/* End XCBuildConfiguration section */

/* Begin XCConfigurationList section */
		EA9DFD7E1AE5244100D4C9C3 /* Build configuration list for PBXProject "BowlingKata" */ = {
			isa = XCConfigurationList;
			buildConfigurations = (
				EA9DFDA01AE5244200D4C9C3 /* Debug */,
				EA9DFDA11AE5244200D4C9C3 /* Release */,
			);
			defaultConfigurationIsVisible = 0;
			defaultConfigurationName = Release;
		};
		EA9DFDA21AE5244200D4C9C3 /* Build configuration list for PBXNativeTarget "BowlingKata" */ = {
			isa = XCConfigurationList;
			buildConfigurations = (
				EA9DFDA31AE5244200D4C9C3 /* Debug */,
				EA9DFDA41AE5244200D4C9C3 /* Release */,
			);
			defaultConfigurationIsVisible = 0;
		};
		EA9DFDA51AE5244200D4C9C3 /* Build configuration list for PBXNativeTarget "BowlingKataTests" */ = {
			isa = XCConfigurationList;
			buildConfigurations = (
				EA9DFDA61AE5244200D4C9C3 /* Debug */,
				EA9DFDA71AE5244200D4C9C3 /* Release */,
			);
			defaultConfigurationIsVisible = 0;
		};
/* End XCConfigurationList section */
	};
	rootObject = EA9DFD7B1AE5244100D4C9C3 /* Project object */;
}
